
Microsoft Visual Studio Solution File, Format Version 12.00
# Visual Studio Version 17
VisualStudioVersion = 17.13.35825.156
MinimumVisualStudioVersion = 10.0.40219.1
Project("{FAE04EC0-301F-11D3-BF4B-00C04F79EFBC}") = "ChannelsExample", "ChannelsExample.csproj", "{137B8BC0-775B-4CF2-A433-BC7D8B6A3E29}"
EndProject
Project("{FAE04EC0-301F-11D3-BF4B-00C04F79EFBC}") = "ChannelsExampleTests", "..\ChannelsExampleTests\ChannelsExampleTests.csproj", "{F1B6960F-1C3C-405F-96F5-408B42BD44B7}"
EndProject
Global
	GlobalSection(SolutionConfigurationPlatforms) = preSolution
		Debug|Any CPU = Debug|Any CPU
		Release|Any CPU = Release|Any CPU
	EndGlobalSection
	GlobalSection(ProjectConfigurationPlatforms) = postSolution
		{137B8BC0-775B-4CF2-A433-BC7D8B6A3E29}.Debug|Any CPU.ActiveCfg = Debug|Any CPU
		{137B8BC0-775B-4CF2-A433-BC7D8B6A3E29}.Debug|Any CPU.Build.0 = Debug|Any CPU
		{137B8BC0-775B-4CF2-A433-BC7D8B6A3E29}.Release|Any CPU.ActiveCfg = Release|Any CPU
		{137B8BC0-775B-4CF2-A433-BC7D8B6A3E29}.Release|Any CPU.Build.0 = Release|Any CPU
		{F1B6960F-1C3C-405F-96F5-408B42BD44B7}.Debug|Any CPU.ActiveCfg = Debug|Any CPU
		{F1B6960F-1C3C-405F-96F5-408B42BD44B7}.Debug|Any CPU.Build.0 = Debug|Any CPU
		{F1B6960F-1C3C-405F-96F5-408B42BD44B7}.Release|Any CPU.ActiveCfg = Release|Any CPU
		{F1B6960F-1C3C-405F-96F5-408B42BD44B7}.Release|Any CPU.Build.0 = Release|Any CPU
	EndGlobalSection
	GlobalSection(SolutionProperties) = preSolution
		HideSolutionNode = FALSE
	EndGlobalSection
	GlobalSection(ExtensibilityGlobals) = postSolution
		SolutionGuid = {9D759B2B-2BCA-417B-9B30-C10CFE8F33CC}
	EndGlobalSection
EndGlobal
